{
  "name": "quietline-real-pool-harness",
  "version": "0.1.0",
  "lockfileVersion": 3,
  "requires": true,
  "packages": {
    "": {
      "name": "quietline-real-pool-harness",
      "version": "0.1.0",
      "dependencies": {
        "@starkware-libs/starknet-privacy-sdk": "file:../vendor/starknet-privacy/sdk"
      },
      "engines": {
        "node": ">=24"
      }
    },
    "../vendor/starknet-privacy/sdk": {
      "name": "@starkware-libs/starknet-privacy-sdk",
      "version": "0.14.3-rc.5",
      "license": "ISC",
      "dependencies": {
        "@starknet-io/starknet-types-0101": "npm:@starknet-io/types-js@~0.10.2",
        "ohttp-ts": "^0.3.0",
        "starknet": "10.5.0",
        "starknet-devnet": "^0.7.2",
        "zod": "^3.24.0"
      },
      "devDependencies": {
        "@eslint/js": "^9.39.2",
        "@types/node": "^24.10.1",
        "@vitest/browser": "^4.0.17",
        "@vitest/browser-playwright": "^4.0.17",
        "@vitest/coverage-v8": "^4.0.17",
        "ajv": "^8.18.0",
        "esbuild": "^0.27.2",
        "eslint": "^9.39.2",
        "playwright": "^1.58.1",
        "prettier": "^3.7.4",
        "typescript": "^5.9.3",
        "typescript-eslint": "^8.51.0",
        "vitest": "^4.0.15"
      }
    },
    "node_modules/@starkware-libs/starknet-privacy-sdk": {
      "resolved": "../vendor/starknet-privacy/sdk",
      "link": true
    }
  }
}
